// !$*UTF8*$!
{
	archiveVersion = 1;
	classes = {
	};
	objectVersion = 77;
	objects = {

/* Begin PBXBuildFile section */
		052DDAEF2CAB308A00882F0E /* KeychainSwift in Frameworks */ = {isa = PBXBuildFile; productRef = 052DDAEE2CAB308A00882F0E /* KeychainSwift */; };
		0558DF3E2D3D164F00D08D16 /* WatchCloudDoor Watch App.app in Embed Watch Content */ = {isa = PBXBuildFile; fileRef = 0558DF1B2D3D164D00D08D16 /* WatchCloudDoor Watch App.app */; settings = {ATTRIBUTES = (RemoveHeadersOnCopy, ); }; };
/* End PBXBuildFile section */

/* Begin PBXContainerItemProxy section */
		053F0AB12CA9AE06008F0EA8 /* PBXContainerItemProxy */ = {
			isa = PBXContainerItemProxy;
			containerPortal = 053F0A982CA9AE03008F0EA8 /* Project object */;
			proxyType = 1;
			remoteGlobalIDString = 053F0A9F2CA9AE03008F0EA8;
			remoteInfo = CloudDoor;
		};
		053F0ABB2CA9AE06008F0EA8 /* PBXContainerItemProxy */ = {
			isa = PBXContainerItemProxy;
			containerPortal = 053F0A982CA9AE03008F0EA8 /* Project object */;
			proxyType = 1;
			remoteGlobalIDString = 053F0A9F2CA9AE03008F0EA8;
			remoteInfo = CloudDoor;
		};
		0558DF2B2D3D164F00D08D16 /* PBXContainerItemProxy */ = {
			isa = PBXContainerItemProxy;
			containerPortal = 053F0A982CA9AE03008F0EA8 /* Project object */;
			proxyType = 1;
			remoteGlobalIDString = 0558DF1A2D3D164D00D08D16;
			remoteInfo = "WatchCloudDoor Watch App";
		};
		0558DF352D3D164F00D08D16 /* PBXContainerItemProxy */ = {
			isa = PBXContainerItemProxy;
			containerPortal = 053F0A982CA9AE03008F0EA8 /* Project object */;
			proxyType = 1;
			remoteGlobalIDString = 0558DF1A2D3D164D00D08D16;
			remoteInfo = "WatchCloudDoor Watch App";
		};
		0558DF3C2D3D164F00D08D16 /* PBXContainerItemProxy */ = {
			isa = PBXContainerItemProxy;
			containerPortal = 053F0A982CA9AE03008F0EA8 /* Project object */;
			proxyType = 1;
			remoteGlobalIDString = 0558DF1A2D3D164D00D08D16;
			remoteInfo = "WatchCloudDoor Watch App";
		};
/* End PBXContainerItemProxy section */

/* Begin PBXCopyFilesBuildPhase section */
		0558DF3F2D3D164F00D08D16 /* Embed Watch Content */ = {
			isa = PBXCopyFilesBuildPhase;
			buildActionMask = 2147483647;
			dstPath = "$(CONTENTS_FOLDER_PATH)/Watch";
			dstSubfolderSpec = 16;
			files = (
				0558DF3E2D3D164F00D08D16 /* WatchCloudDoor Watch App.app in Embed Watch Content */,
			);
			name = "Embed Watch Content";
			runOnlyForDeploymentPostprocessing = 0;
		};
/* End PBXCopyFilesBuildPhase section */

/* Begin PBXFileReference section */
		053F0AA02CA9AE03008F0EA8 /* CloudDoor.app */ = {isa = PBXFileReference; explicitFileType = wrapper.application; includeInIndex = 0; path = CloudDoor.app; sourceTree = BUILT_PRODUCTS_DIR; };
		053F0AB02CA9AE06008F0EA8 /* CloudDoorTests.xctest */ = {isa = PBXFileReference; explicitFileType = wrapper.cfbundle; includeInIndex = 0; path = CloudDoorTests.xctest; sourceTree = BUILT_PRODUCTS_DIR; };
		053F0ABA2CA9AE06008F0EA8 /* CloudDoorUITests.xctest */ = {isa = PBXFileReference; explicitFileType = wrapper.cfbundle; includeInIndex = 0; path = CloudDoorUITests.xctest; sourceTree = BUILT_PRODUCTS_DIR; };
		0558DF1B2D3D164D00D08D16 /* WatchCloudDoor Watch App.app */ = {isa = PBXFileReference; explicitFileType = wrapper.application; includeInIndex = 0; path = "WatchCloudDoor Watch App.app"; sourceTree = BUILT_PRODUCTS_DIR; };
		0558DF2A2D3D164F00D08D16 /* WatchCloudDoor Watch AppTests.xctest */ = {isa = PBXFileReference; explicitFileType = wrapper.cfbundle; includeInIndex = 0; path = "WatchCloudDoor Watch AppTests.xctest"; sourceTree = BUILT_PRODUCTS_DIR; };
		0558DF342D3D164F00D08D16 /* WatchCloudDoor Watch AppUITests.xctest */ = {isa = PBXFileReference; explicitFileType = wrapper.cfbundle; includeInIndex = 0; path = "WatchCloudDoor Watch AppUITests.xctest"; sourceTree = BUILT_PRODUCTS_DIR; };
/* End PBXFileReference section */

/* Begin PBXFileSystemSynchronizedBuildFileExceptionSet section */
		05B038DD2CAB519E00EABA4C /* Exceptions for "CloudDoor" folder in "CloudDoor" target */ = {
			isa = PBXFileSystemSynchronizedBuildFileExceptionSet;
			membershipExceptions = (
				Info.plist,
			);
			target = 053F0A9F2CA9AE03008F0EA8 /* CloudDoor */;
		};
/* End PBXFileSystemSynchronizedBuildFileExceptionSet section */

/* Begin PBXFileSystemSynchronizedRootGroup section */
		053F0AA22CA9AE03008F0EA8 /* CloudDoor */ = {
			isa = PBXFileSystemSynchronizedRootGroup;
			exceptions = (
				05B038DD2CAB519E00EABA4C /* Exceptions for "CloudDoor" folder in "CloudDoor" target */,
			);
			path = CloudDoor;
			sourceTree = "<group>";
		};
		053F0AB32CA9AE06008F0EA8 /* CloudDoorTests */ = {
			isa = PBXFileSystemSynchronizedRootGroup;
			path = CloudDoorTests;
			sourceTree = "<group>";
		};
		053F0ABD2CA9AE06008F0EA8 /* CloudDoorUITests */ = {
			isa = PBXFileSystemSynchronizedRootGroup;
			path = CloudDoorUITests;
			sourceTree = "<group>";
		};
		0558DF1C2D3D164D00D08D16 /* WatchCloudDoor Watch App */ = {
			isa = PBXFileSystemSynchronizedRootGroup;
			path = "WatchCloudDoor Watch App";
			sourceTree = "<group>";
		};
		0558DF2D2D3D164F00D08D16 /* WatchCloudDoor Watch AppTests */ = {
			isa = PBXFileSystemSynchronizedRootGroup;
			path = "WatchCloudDoor Watch AppTests";
			sourceTree = "<group>";
		};
		0558DF372D3D164F00D08D16 /* WatchCloudDoor Watch AppUITests */ = {
			isa = PBXFileSystemSynchronizedRootGroup;
			path = "WatchCloudDoor Watch AppUITests";
			sourceTree = "<group>";
		};
/* End PBXFileSystemSynchronizedRootGroup section */

/* Begin PBXFrameworksBuildPhase section */
		053F0A9D2CA9AE03008F0EA8 /* Frameworks */ = {
			isa = PBXFrameworksBuildPhase;
			buildActionMask = 2147483647;
			files = (
				052DDAEF2CAB308A00882F0E /* KeychainSwift in Frameworks */,
			);
			runOnlyForDeploymentPostprocessing = 0;
		};
		053F0AAD2CA9AE06008F0EA8 /* Frameworks */ = {
			isa = PBXFrameworksBuildPhase;
			buildActionMask = 2147483647;
			files = (
			);
			runOnlyForDeploymentPostprocessing = 0;
		};
		053F0AB72CA9AE06008F0EA8 /* Frameworks */ = {
			isa = PBXFrameworksBuildPhase;
			buildActionMask = 2147483647;
			files = (
			);
			runOnlyForDeploymentPostprocessing = 0;
		};
		0558DF182D3D164D00D08D16 /* Frameworks */ = {
			isa = PBXFrameworksBuildPhase;
			buildActionMask = 2147483647;
			files = (
			);
			runOnlyForDeploymentPostprocessing = 0;
		};
		0558DF272D3D164F00D08D16 /* Frameworks */ = {
			isa = PBXFrameworksBuildPhase;
			buildActionMask = 2147483647;
			files = (
			);
			runOnlyForDeploymentPostprocessing = 0;
		};
		0558DF312D3D164F00D08D16 /* Frameworks */ = {
			isa = PBXFrameworksBuildPhase;
			buildActionMask = 2147483647;
			files = (
			);
			runOnlyForDeploymentPostprocessing = 0;
		};
/* End PBXFrameworksBuildPhase section */

/* Begin PBXGroup section */
		053F0A972CA9AE03008F0EA8 = {
			isa = PBXGroup;
			children = (
				053F0AA22CA9AE03008F0EA8 /* CloudDoor */,
				053F0AB32CA9AE06008F0EA8 /* CloudDoorTests */,
				053F0ABD2CA9AE06008F0EA8 /* CloudDoorUITests */,
				0558DF1C2D3D164D00D08D16 /* WatchCloudDoor Watch App */,
				0558DF2D2D3D164F00D08D16 /* WatchCloudDoor Watch AppTests */,
				0558DF372D3D164F00D08D16 /* WatchCloudDoor Watch AppUITests */,
				053F0AA12CA9AE03008F0EA8 /* Products */,
			);
			sourceTree = "<group>";
		};
		053F0AA12CA9AE03008F0EA8 /* Products */ = {
			isa = PBXGroup;
			children = (
				053F0AA02CA9AE03008F0EA8 /* CloudDoor.app */,
				053F0AB02CA9AE06008F0EA8 /* CloudDoorTests.xctest */,
				053F0ABA2CA9AE06008F0EA8 /* CloudDoorUITests.xctest */,
				0558DF1B2D3D164D00D08D16 /* WatchCloudDoor Watch App.app */,
				0558DF2A2D3D164F00D08D16 /* WatchCloudDoor Watch AppTests.xctest */,
				0558DF342D3D164F00D08D16 /* WatchCloudDoor Watch AppUITests.xctest */,
			);
			name = Products;
			sourceTree = "<group>";
		};
/* End PBXGroup section */

/* Begin PBXNativeTarget section */
		053F0A9F2CA9AE03008F0EA8 /* CloudDoor */ = {
			isa = PBXNativeTarget;
			buildConfigurationList = 053F0AC42CA9AE06008F0EA8 /* Build configuration list for PBXNativeTarget "CloudDoor" */;
			buildPhases = (
				053F0A9C2CA9AE03008F0EA8 /* Sources */,
				053F0A9D2CA9AE03008F0EA8 /* Frameworks */,
				053F0A9E2CA9AE03008F0EA8 /* Resources */,
				0558DF3F2D3D164F00D08D16 /* Embed Watch Content */,
			);
			buildRules = (
			);
			dependencies = (
				0558DF3D2D3D164F00D08D16 /* PBXTargetDependency */,
			);
			fileSystemSynchronizedGroups = (
				053F0AA22CA9AE03008F0EA8 /* CloudDoor */,
			);
			name = CloudDoor;
			packageProductDependencies = (
				052DDAEE2CAB308A00882F0E /* KeychainSwift */,
			);
			productName = CloudDoor;
			productReference = 053F0AA02CA9AE03008F0EA8 /* CloudDoor.app */;
			productType = "com.apple.product-type.application";
		};
		053F0AAF2CA9AE06008F0EA8 /* CloudDoorTests */ = {
			isa = PBXNativeTarget;
			buildConfigurationList = 053F0AC72CA9AE06008F0EA8 /* Build configuration list for PBXNativeTarget "CloudDoorTests" */;
			buildPhases = (
				053F0AAC2CA9AE06008F0EA8 /* Sources */,
				053F0AAD2CA9AE06008F0EA8 /* Frameworks */,
				053F0AAE2CA9AE06008F0EA8 /* Resources */,
			);
			buildRules = (
			);
			dependencies = (
				053F0AB22CA9AE06008F0EA8 /* PBXTargetDependency */,
			);
			fileSystemSynchronizedGroups = (
				053F0AB32CA9AE06008F0EA8 /* CloudDoorTests */,
			);
			name = CloudDoorTests;
			packageProductDependencies = (
			);
			productName = CloudDoorTests;
			productReference = 053F0AB02CA9AE06008F0EA8 /* CloudDoorTests.xctest */;
			productType = "com.apple.product-type.bundle.unit-test";
		};
		053F0AB92CA9AE06008F0EA8 /* CloudDoorUITests */ = {
			isa = PBXNativeTarget;
			buildConfigurationList = 053F0ACA2CA9AE06008F0EA8 /* Build configuration list for PBXNativeTarget "CloudDoorUITests" */;
			buildPhases = (
				053F0AB62CA9AE06008F0EA8 /* Sources */,
				053F0AB72CA9AE06008F0EA8 /* Frameworks */,
				053F0AB82CA9AE06008F0EA8 /* Resources */,
			);
			buildRules = (
			);
			dependencies = (
				053F0ABC2CA9AE06008F0EA8 /* PBXTargetDependency */,
			);
			fileSystemSynchronizedGroups = (
				053F0ABD2CA9AE06008F0EA8 /* CloudDoorUITests */,
			);
			name = CloudDoorUITests;
			packageProductDependencies = (
			);
			productName = CloudDoorUITests;
			productReference = 053F0ABA2CA9AE06008F0EA8 /* CloudDoorUITests.xctest */;
			productType = "com.apple.product-type.bundle.ui-testing";
		};
		0558DF1A2D3D164D00D08D16 /* WatchCloudDoor Watch App */ = {
			isa = PBXNativeTarget;
			buildConfigurationList = 0558DF462D3D164F00D08D16 /* Build configuration list for PBXNativeTarget "WatchCloudDoor Watch App" */;
			buildPhases = (
				0558DF172D3D164D00D08D16 /* Sources */,
				0558DF182D3D164D00D08D16 /* Frameworks */,
				0558DF192D3D164D00D08D16 /* Resources */,
			);
			buildRules = (
			);
			dependencies = (
			);
			fileSystemSynchronizedGroups = (
				0558DF1C2D3D164D00D08D16 /* WatchCloudDoor Watch App */,
			);
			name = "WatchCloudDoor Watch App";
			packageProductDependencies = (
			);
			productName = "WatchCloudDoor Watch App";
			productReference = 0558DF1B2D3D164D00D08D16 /* WatchCloudDoor Watch App.app */;
			productType = "com.apple.product-type.application";
		};
		0558DF292D3D164F00D08D16 /* WatchCloudDoor Watch AppTests */ = {
			isa = PBXNativeTarget;
			buildConfigurationList = 0558DF472D3D164F00D08D16 /* Build configuration list for PBXNativeTarget "WatchCloudDoor Watch AppTests" */;
			buildPhases = (
				0558DF262D3D164F00D08D16 /* Sources */,
				0558DF272D3D164F00D08D16 /* Frameworks */,
				0558DF282D3D164F00D08D16 /* Resources */,
			);
			buildRules = (
			);
			dependencies = (
				0558DF2C2D3D164F00D08D16 /* PBXTargetDependency */,
			);
			fileSystemSynchronizedGroups = (
				0558DF2D2D3D164F00D08D16 /* WatchCloudDoor Watch AppTests */,
			);
			name = "WatchCloudDoor Watch AppTests";
			packageProductDependencies = (
			);
			productName = "WatchCloudDoor Watch AppTests";
			productReference = 0558DF2A2D3D164F00D08D16 /* WatchCloudDoor Watch AppTests.xctest */;
			productType = "com.apple.product-type.bundle.unit-test";
		};
		0558DF332D3D164F00D08D16 /* WatchCloudDoor Watch AppUITests */ = {
			isa = PBXNativeTarget;
			buildConfigurationList = 0558DF482D3D164F00D08D16 /* Build configuration list for PBXNativeTarget "WatchCloudDoor Watch AppUITests" */;
			buildPhases = (
				0558DF302D3D164F00D08D16 /* Sources */,
				0558DF312D3D164F00D08D16 /* Frameworks */,
				0558DF322D3D164F00D08D16 /* Resources */,
			);
			buildRules = (
			);
			dependencies = (
				0558DF362D3D164F00D08D16 /* PBXTargetDependency */,
			);
			fileSystemSynchronizedGroups = (
				0558DF372D3D164F00D08D16 /* WatchCloudDoor Watch AppUITests */,
			);
			name = "WatchCloudDoor Watch AppUITests";
			packageProductDependencies = (
			);
			productName = "WatchCloudDoor Watch AppUITests";
			productReference = 0558DF342D3D164F00D08D16 /* WatchCloudDoor Watch AppUITests.xctest */;
			productType = "com.apple.product-type.bundle.ui-testing";
		};
/* End PBXNativeTarget section */

/* Begin PBXProject section */
		053F0A982CA9AE03008F0EA8 /* Project object */ = {
			isa = PBXProject;
			attributes = {
				BuildIndependentTargetsInParallel = 1;
				LastSwiftUpdateCheck = 1620;
				LastUpgradeCheck = 1600;
				TargetAttributes = {
					053F0A9F2CA9AE03008F0EA8 = {
						CreatedOnToolsVersion = 16.0;
					};
					053F0AAF2CA9AE06008F0EA8 = {
						CreatedOnToolsVersion = 16.0;
						TestTargetID = 053F0A9F2CA9AE03008F0EA8;
					};
					053F0AB92CA9AE06008F0EA8 = {
						CreatedOnToolsVersion = 16.0;
						TestTargetID = 053F0A9F2CA9AE03008F0EA8;
					};
					0558DF1A2D3D164D00D08D16 = {
						CreatedOnToolsVersion = 16.2;
					};
					0558DF292D3D164F00D08D16 = {
						CreatedOnToolsVersion = 16.2;
						TestTargetID = 0558DF1A2D3D164D00D08D16;
					};
					0558DF332D3D164F00D08D16 = {
						CreatedOnToolsVersion = 16.2;
						TestTargetID = 0558DF1A2D3D164D00D08D16;
					};
				};
			};
			buildConfigurationList = 053F0A9B2CA9AE03008F0EA8 /* Build configuration list for PBXProject "CloudDoor" */;
			developmentRegion = en;
			hasScannedForEncodings = 0;
			knownRegions = (
				en,
				Base,
			);
			mainGroup = 053F0A972CA9AE03008F0EA8;
			minimizedProjectReferenceProxies = 1;
			packageReferences = (
				052DDAED2CAB308A00882F0E /* XCRemoteSwiftPackageReference "keychain-swift" */,
			);
			preferredProjectObjectVersion = 77;
			productRefGroup = 053F0AA12CA9AE03008F0EA8 /* Products */;
			projectDirPath = "";
			projectRoot = "";
			targets = (
				053F0A9F2CA9AE03008F0EA8 /* CloudDoor */,
				053F0AAF2CA9AE06008F0EA8 /* CloudDoorTests */,
				053F0AB92CA9AE06008F0EA8 /* CloudDoorUITests */,
				0558DF1A2D3D164D00D08D16 /* WatchCloudDoor Watch App */,
				0558DF292D3D164F00D08D16 /* WatchCloudDoor Watch AppTests */,
				0558DF332D3D164F00D08D16 /* WatchCloudDoor Watch AppUITests */,
			);
		};
/* End PBXProject section */

/* Begin PBXResourcesBuildPhase section */
		053F0A9E2CA9AE03008F0EA8 /* Resources */ = {
			isa = PBXResourcesBuildPhase;
			buildActionMask = 2147483647;
			files = (
			);
			runOnlyForDeploymentPostprocessing = 0;
		};
		053F0AAE2CA9AE06008F0EA8 /* Resources */ = {
			isa = PBXResourcesBuildPhase;
			buildActionMask = 2147483647;
			files = (
			);
			runOnlyForDeploymentPostprocessing = 0;
		};
		053F0AB82CA9AE06008F0EA8 /* Resources */ = {
			isa = PBXResourcesBuildPhase;
			buildActionMask = 2147483647;
			files = (
			);
			runOnlyForDeploymentPostprocessing = 0;
		};
		0558DF192D3D164D00D08D16 /* Resources */ = {
			isa = PBXResourcesBuildPhase;
			buildActionMask = 2147483647;
			files = (
			);
			runOnlyForDeploymentPostprocessing = 0;
		};
		0558DF282D3D164F00D08D16 /* Resources */ = {
			isa = PBXResourcesBuildPhase;
			buildActionMask = 2147483647;
			files = (
			);
			runOnlyForDeploymentPostprocessing = 0;
		};
		0558DF322D3D164F00D08D16 /* Resources */ = {
			isa = PBXResourcesBuildPhase;
			buildActionMask = 2147483647;
			files = (
			);
			runOnlyForDeploymentPostprocessing = 0;
		};
/* End PBXResourcesBuildPhase section */

/* Begin PBXSourcesBuildPhase section */
		053F0A9C2CA9AE03008F0EA8 /* Sources */ = {
			isa = PBXSourcesBuildPhase;
			buildActionMask = 2147483647;
			files = (
			);
			runOnlyForDeploymentPostprocessing = 0;
		};
		053F0AAC2CA9AE06008F0EA8 /* Sources */ = {
			isa = PBXSourcesBuildPhase;
			buildActionMask = 2147483647;
			files = (
			);
			runOnlyForDeploymentPostprocessing = 0;
		};
		053F0AB62CA9AE06008F0EA8 /* Sources */ = {
			isa = PBXSourcesBuildPhase;
			buildActionMask = 2147483647;
			files = (
			);
			runOnlyForDeploymentPostprocessing = 0;
		};
		0558DF172D3D164D00D08D16 /* Sources */ = {
			isa = PBXSourcesBuildPhase;
			buildActionMask = 2147483647;
			files = (
			);
			runOnlyForDeploymentPostprocessing = 0;
		};
		0558DF262D3D164F00D08D16 /* Sources */ = {
			isa = PBXSourcesBuildPhase;
			buildActionMask = 2147483647;
			files = (
			);
			runOnlyForDeploymentPostprocessing = 0;
		};
		0558DF302D3D164F00D08D16 /* Sources */ = {
			isa = PBXSourcesBuildPhase;
			buildActionMask = 2147483647;
			files = (
			);
			runOnlyForDeploymentPostprocessing = 0;
		};
/* End PBXSourcesBuildPhase section */

/* Begin PBXTargetDependency section */
		053F0AB22CA9AE06008F0EA8 /* PBXTargetDependency */ = {
			isa = PBXTargetDependency;
			target = 053F0A9F2CA9AE03008F0EA8 /* CloudDoor */;
			targetProxy = 053F0AB12CA9AE06008F0EA8 /* PBXContainerItemProxy */;
		};
		053F0ABC2CA9AE06008F0EA8 /* PBXTargetDependency */ = {
			isa = PBXTargetDependency;
			target = 053F0A9F2CA9AE03008F0EA8 /* CloudDoor */;
			targetProxy = 053F0ABB2CA9AE06008F0EA8 /* PBXContainerItemProxy */;
		};
		0558DF2C2D3D164F00D08D16 /* PBXTargetDependency */ = {
			isa = PBXTargetDependency;
			target = 0558DF1A2D3D164D00D08D16 /* WatchCloudDoor Watch App */;
			targetProxy = 0558DF2B2D3D164F00D08D16 /* PBXContainerItemProxy */;
		};
		0558DF362D3D164F00D08D16 /* PBXTargetDependency */ = {
			isa = PBXTargetDependency;
			target = 0558DF1A2D3D164D00D08D16 /* WatchCloudDoor Watch App */;
			targetProxy = 0558DF352D3D164F00D08D16 /* PBXContainerItemProxy */;
		};
		0558DF3D2D3D164F00D08D16 /* PBXTargetDependency */ = {
			isa = PBXTargetDependency;
			target = 0558DF1A2D3D164D00D08D16 /* WatchCloudDoor Watch App */;
			targetProxy = 0558DF3C2D3D164F00D08D16 /* PBXContainerItemProxy */;
		};
/* End PBXTargetDependency section */

/* Begin XCBuildConfiguration section */
		053F0AC22CA9AE06008F0EA8 /* Debug */ = {
			isa = XCBuildConfiguration;
			buildSettings = {
				ALWAYS_SEARCH_USER_PATHS = NO;
				ASSETCATALOG_COMPILER_GENERATE_SWIFT_ASSET_SYMBOL_EXTENSIONS = YES;
				CLANG_ANALYZER_NONNULL = YES;
				CLANG_ANALYZER_NUMBER_OBJECT_CONVERSION = YES_AGGRESSIVE;
				CLANG_CXX_LANGUAGE_STANDARD = "gnu++20";
				CLANG_ENABLE_MODULES = YES;
				CLANG_ENABLE_OBJC_ARC = YES;
				CLANG_ENABLE_OBJC_WEAK = YES;
				CLANG_WARN_BLOCK_CAPTURE_AUTORELEASING = YES;
				CLANG_WARN_BOOL_CONVERSION = YES;
				CLANG_WARN_COMMA = YES;
				CLANG_WARN_CONSTANT_CONVERSION = YES;
				CLANG_WARN_DEPRECATED_OBJC_IMPLEMENTATIONS = YES;
				CLANG_WARN_DIRECT_OBJC_ISA_USAGE = YES_ERROR;
				CLANG_WARN_DOCUMENTATION_COMMENTS = YES;
				CLANG_WARN_EMPTY_BODY = YES;
				CLANG_WARN_ENUM_CONVERSION = YES;
				CLANG_WARN_INFINITE_RECURSION = YES;
				CLANG_WARN_INT_CONVERSION = YES;
				CLANG_WARN_NON_LITERAL_NULL_CONVERSION = YES;
				CLANG_WARN_OBJC_IMPLICIT_RETAIN_SELF = YES;
				CLANG_WARN_OBJC_LITERAL_CONVERSION = YES;
				CLANG_WARN_OBJC_ROOT_CLASS = YES_ERROR;
				CLANG_WARN_QUOTED_INCLUDE_IN_FRAMEWORK_HEADER = YES;
				CLANG_WARN_RANGE_LOOP_ANALYSIS = YES;
				CLANG_WARN_STRICT_PROTOTYPES = YES;
				CLANG_WARN_SUSPICIOUS_MOVE = YES;
				CLANG_WARN_UNGUARDED_AVAILABILITY = YES_AGGRESSIVE;
				CLANG_WARN_UNREACHABLE_CODE = YES;
				CLANG_WARN__DUPLICATE_METHOD_MATCH = YES;
				COPY_PHASE_STRIP = NO;
				DEBUG_INFORMATION_FORMAT = dwarf;
				ENABLE_STRICT_OBJC_MSGSEND = YES;
				ENABLE_TESTABILITY = YES;
				ENABLE_USER_SCRIPT_SANDBOXING = YES;
				GCC_C_LANGUAGE_STANDARD = gnu17;
				GCC_DYNAMIC_NO_PIC = NO;
				GCC_NO_COMMON_BLOCKS = YES;
				GCC_OPTIMIZATION_LEVEL = 0;
				GCC_PREPROCESSOR_DEFINITIONS = (
					"DEBUG=1",
					"$(inherited)",
				);
				GCC_WARN_64_TO_32_BIT_CONVERSION = YES;
				GCC_WARN_ABOUT_RETURN_TYPE = YES_ERROR;
				GCC_WARN_UNDECLARED_SELECTOR = YES;
				GCC_WARN_UNINITIALIZED_AUTOS = YES_AGGRESSIVE;
				GCC_WARN_UNUSED_FUNCTION = YES;
				GCC_WARN_UNUSED_VARIABLE = YES;
				IPHONEOS_DEPLOYMENT_TARGET = 18.0;
				LOCALIZATION_PREFERS_STRING_CATALOGS = YES;
				MTL_ENABLE_DEBUG_INFO = INCLUDE_SOURCE;
				MTL_FAST_MATH = YES;
				ONLY_ACTIVE_ARCH = YES;
				SDKROOT = iphoneos;
				SWIFT_ACTIVE_COMPILATION_CONDITIONS = "DEBUG $(inherited)";
				SWIFT_OPTIMIZATION_LEVEL = "-Onone";
			};
			name = Debug;
		};
		053F0AC32CA9AE06008F0EA8 /* Release */ = {
			isa = XCBuildConfiguration;
			buildSettings = {
				ALWAYS_SEARCH_USER_PATHS = NO;
				ASSETCATALOG_COMPILER_GENERATE_SWIFT_ASSET_SYMBOL_EXTENSIONS = YES;
				CLANG_ANALYZER_NONNULL = YES;
				CLANG_ANALYZER_NUMBER_OBJECT_CONVERSION = YES_AGGRESSIVE;
				CLANG_CXX_LANGUAGE_STANDARD = "gnu++20";
				CLANG_ENABLE_MODULES = YES;
				CLANG_ENABLE_OBJC_ARC = YES;
				CLANG_ENABLE_OBJC_WEAK = YES;
				CLANG_WARN_BLOCK_CAPTURE_AUTORELEASING = YES;
				CLANG_WARN_BOOL_CONVERSION = YES;
				CLANG_WARN_COMMA = YES;
				CLANG_WARN_CONSTANT_CONVERSION = YES;
				CLANG_WARN_DEPRECATED_OBJC_IMPLEMENTATIONS = YES;
				CLANG_WARN_DIRECT_OBJC_ISA_USAGE = YES_ERROR;
				CLANG_WARN_DOCUMENTATION_COMMENTS = YES;
				CLANG_WARN_EMPTY_BODY = YES;
				CLANG_WARN_ENUM_CONVERSION = YES;
				CLANG_WARN_INFINITE_RECURSION = YES;
				CLANG_WARN_INT_CONVERSION = YES;
				CLANG_WARN_NON_LITERAL_NULL_CONVERSION = YES;
				CLANG_WARN_OBJC_IMPLICIT_RETAIN_SELF = YES;
				CLANG_WARN_OBJC_LITERAL_CONVERSION = YES;
				CLANG_WARN_OBJC_ROOT_CLASS = YES_ERROR;
				CLANG_WARN_QUOTED_INCLUDE_IN_FRAMEWORK_HEADER = YES;
				CLANG_WARN_RANGE_LOOP_ANALYSIS = YES;
				CLANG_WARN_STRICT_PROTOTYPES = YES;
				CLANG_WARN_SUSPICIOUS_MOVE = YES;
				CLANG_WARN_UNGUARDED_AVAILABILITY = YES_AGGRESSIVE;
				CLANG_WARN_UNREACHABLE_CODE = YES;
				CLANG_WARN__DUPLICATE_METHOD_MATCH = YES;
				COPY_PHASE_STRIP = NO;
				DEBUG_INFORMATION_FORMAT = "dwarf-with-dsym";
				ENABLE_NS_ASSERTIONS = NO;
				ENABLE_STRICT_OBJC_MSGSEND = YES;
				ENABLE_USER_SCRIPT_SANDBOXING = YES;
				GCC_C_LANGUAGE_STANDARD = gnu17;
				GCC_NO_COMMON_BLOCKS = YES;
				GCC_WARN_64_TO_32_BIT_CONVERSION = YES;
				GCC_WARN_ABOUT_RETURN_TYPE = YES_ERROR;
				GCC_WARN_UNDECLARED_SELECTOR = YES;
				GCC_WARN_UNINITIALIZED_AUTOS = YES_AGGRESSIVE;
				GCC_WARN_UNUSED_FUNCTION = YES;
				GCC_WARN_UNUSED_VARIABLE = YES;
				IPHONEOS_DEPLOYMENT_TARGET = 18.0;
				LOCALIZATION_PREFERS_STRING_CATALOGS = YES;
				MTL_ENABLE_DEBUG_INFO = NO;
				MTL_FAST_MATH = YES;
				SDKROOT = iphoneos;
				SWIFT_COMPILATION_MODE = wholemodule;
				VALIDATE_PRODUCT = YES;
			};
			name = Release;
		};
		053F0AC52CA9AE06008F0EA8 /* Debug */ = {
			isa = XCBuildConfiguration;
			buildSettings = {
				ASSETCATALOG_COMPILER_APPICON_NAME = AppIcon;
				ASSETCATALOG_COMPILER_GLOBAL_ACCENT_COLOR_NAME = AccentColor;
				CODE_SIGN_STYLE = Automatic;
				CURRENT_PROJECT_VERSION = 20;
				DEVELOPMENT_ASSET_PATHS = "\"CloudDoor/Preview Content\"";
				DEVELOPMENT_TEAM = QM6LX8XX33;
				ENABLE_PREVIEWS = YES;
				GENERATE_INFOPLIST_FILE = YES;
				INFOPLIST_FILE = CloudDoor/Info.plist;
				INFOPLIST_KEY_CFBundleDisplayName = CloudDoor;
				INFOPLIST_KEY_LSApplicationCategoryType = "public.app-category.utilities";
				INFOPLIST_KEY_NSLocationWhenInUseUsageDescription = "The app needs access to your location to show doors that can be opened.";
				INFOPLIST_KEY_UIApplicationSceneManifest_Generation = YES;
				INFOPLIST_KEY_UIApplicationSupportsIndirectInputEvents = YES;
				INFOPLIST_KEY_UILaunchScreen_Generation = YES;
				INFOPLIST_KEY_UISupportedInterfaceOrientations = UIInterfaceOrientationPortrait;
				IPHONEOS_DEPLOYMENT_TARGET = 17.6;
				LD_RUNPATH_SEARCH_PATHS = (
					"$(inherited)",
					"@executable_path/Frameworks",
				);
				MARKETING_VERSION = 1.0.20;
				PRODUCT_BUNDLE_IDENTIFIER = com.dejanlevec.dooropener;
				PRODUCT_NAME = "$(TARGET_NAME)";
				SUPPORTED_PLATFORMS = "iphoneos iphonesimulator";
				SUPPORTS_MACCATALYST = NO;
				SUPPORTS_MAC_DESIGNED_FOR_IPHONE_IPAD = NO;
				SUPPORTS_XR_DESIGNED_FOR_IPHONE_IPAD = NO;
				SWIFT_EMIT_LOC_STRINGS = YES;
				SWIFT_VERSION = 5.0;
				TARGETED_DEVICE_FAMILY = 1;
			};
			name = Debug;
		};
		053F0AC62CA9AE06008F0EA8 /* Release */ = {
			isa = XCBuildConfiguration;
			buildSettings = {
				ASSETCATALOG_COMPILER_APPICON_NAME = AppIcon;
				ASSETCATALOG_COMPILER_GLOBAL_ACCENT_COLOR_NAME = AccentColor;
				CODE_SIGN_STYLE = Automatic;
				CURRENT_PROJECT_VERSION = 20;
				DEVELOPMENT_ASSET_PATHS = "\"CloudDoor/Preview Content\"";
				DEVELOPMENT_TEAM = QM6LX8XX33;
				ENABLE_PREVIEWS = YES;
				GENERATE_INFOPLIST_FILE = YES;
				INFOPLIST_FILE = CloudDoor/Info.plist;
				INFOPLIST_KEY_CFBundleDisplayName = CloudDoor;
				INFOPLIST_KEY_LSApplicationCategoryType = "public.app-category.utilities";
				INFOPLIST_KEY_NSLocationWhenInUseUsageDescription = "The app needs access to your location to show doors that can be opened.";
				INFOPLIST_KEY_UIApplicationSceneManifest_Generation = YES;
				INFOPLIST_KEY_UIApplicationSupportsIndirectInputEvents = YES;
				INFOPLIST_KEY_UILaunchScreen_Generation = YES;
				INFOPLIST_KEY_UISupportedInterfaceOrientations = UIInterfaceOrientationPortrait;
				IPHONEOS_DEPLOYMENT_TARGET = 17.6;
				LD_RUNPATH_SEARCH_PATHS = (
					"$(inherited)",
					"@executable_path/Frameworks",
				);
				MARKETING_VERSION = 1.0.20;
				PRODUCT_BUNDLE_IDENTIFIER = com.dejanlevec.dooropener;
				PRODUCT_NAME = "$(TARGET_NAME)";
				SUPPORTED_PLATFORMS = "iphoneos iphonesimulator";
				SUPPORTS_MACCATALYST = NO;
				SUPPORTS_MAC_DESIGNED_FOR_IPHONE_IPAD = NO;
				SUPPORTS_XR_DESIGNED_FOR_IPHONE_IPAD = NO;
				SWIFT_EMIT_LOC_STRINGS = YES;
				SWIFT_VERSION = 5.0;
				TARGETED_DEVICE_FAMILY = 1;
			};
			name = Release;
		};
		053F0AC82CA9AE06008F0EA8 /* Debug */ = {
			isa = XCBuildConfiguration;
			buildSettings = {
				BUNDLE_LOADER = "$(TEST_HOST)";
				CODE_SIGN_STYLE = Automatic;
				CURRENT_PROJECT_VERSION = 1;
				GENERATE_INFOPLIST_FILE = YES;
				IPHONEOS_DEPLOYMENT_TARGET = 18.0;
				MARKETING_VERSION = 1.0;
				PRODUCT_BUNDLE_IDENTIFIER = com.dejanlevec.CloudDoorTests;
				PRODUCT_NAME = "$(TARGET_NAME)";
				SWIFT_EMIT_LOC_STRINGS = NO;
				SWIFT_VERSION = 5.0;
				TARGETED_DEVICE_FAMILY = "1,2";
				TEST_HOST = "$(BUILT_PRODUCTS_DIR)/CloudDoor.app/$(BUNDLE_EXECUTABLE_FOLDER_PATH)/CloudDoor";
			};
			name = Debug;
		};
		053F0AC92CA9AE06008F0EA8 /* Release */ = {
			isa = XCBuildConfiguration;
			buildSettings = {
				BUNDLE_LOADER = "$(TEST_HOST)";
				CODE_SIGN_STYLE = Automatic;
				CURRENT_PROJECT_VERSION = 1;
				GENERATE_INFOPLIST_FILE = YES;
				IPHONEOS_DEPLOYMENT_TARGET = 18.0;
				MARKETING_VERSION = 1.0;
				PRODUCT_BUNDLE_IDENTIFIER = com.dejanlevec.CloudDoorTests;
				PRODUCT_NAME = "$(TARGET_NAME)";
				SWIFT_EMIT_LOC_STRINGS = NO;
				SWIFT_VERSION = 5.0;
				TARGETED_DEVICE_FAMILY = "1,2";
				TEST_HOST = "$(BUILT_PRODUCTS_DIR)/CloudDoor.app/$(BUNDLE_EXECUTABLE_FOLDER_PATH)/CloudDoor";
			};
			name = Release;
		};
		053F0ACB2CA9AE06008F0EA8 /* Debug */ = {
			isa = XCBuildConfiguration;
			buildSettings = {
				CODE_SIGN_STYLE = Automatic;
				CURRENT_PROJECT_VERSION = 1;
				GENERATE_INFOPLIST_FILE = YES;
				MARKETING_VERSION = 1.0;
				PRODUCT_BUNDLE_IDENTIFIER = com.dejanlevec.CloudDoorUITests;
				PRODUCT_NAME = "$(TARGET_NAME)";
				SWIFT_EMIT_LOC_STRINGS = NO;
				SWIFT_VERSION = 5.0;
				TARGETED_DEVICE_FAMILY = "1,2";
				TEST_TARGET_NAME = CloudDoor;
			};
			name = Debug;
		};
		053F0ACC2CA9AE06008F0EA8 /* Release */ = {
			isa = XCBuildConfiguration;
			buildSettings = {
				CODE_SIGN_STYLE = Automatic;
				CURRENT_PROJECT_VERSION = 1;
				GENERATE_INFOPLIST_FILE = YES;
				MARKETING_VERSION = 1.0;
				PRODUCT_BUNDLE_IDENTIFIER = com.dejanlevec.CloudDoorUITests;
				PRODUCT_NAME = "$(TARGET_NAME)";
				SWIFT_EMIT_LOC_STRINGS = NO;
				SWIFT_VERSION = 5.0;
				TARGETED_DEVICE_FAMILY = "1,2";
				TEST_TARGET_NAME = CloudDoor;
			};
			name = Release;
		};
		0558DF402D3D164F00D08D16 /* Debug */ = {
			isa = XCBuildConfiguration;
			buildSettings = {
				ASSETCATALOG_COMPILER_APPICON_NAME = AppIcon;
				ASSETCATALOG_COMPILER_GLOBAL_ACCENT_COLOR_NAME = AccentColor;
				CODE_SIGN_STYLE = Automatic;
				CURRENT_PROJECT_VERSION = 1;
				DEVELOPMENT_ASSET_PATHS = "\"WatchCloudDoor Watch App/Preview Content\"";
				DEVELOPMENT_TEAM = QM6LX8XX33;
				ENABLE_PREVIEWS = YES;
				GENERATE_INFOPLIST_FILE = YES;
				INFOPLIST_KEY_CFBundleDisplayName = CloudDoor;
				INFOPLIST_KEY_UISupportedInterfaceOrientations = "UIInterfaceOrientationPortrait UIInterfaceOrientationPortraitUpsideDown";
				INFOPLIST_KEY_WKCompanionAppBundleIdentifier = com.dejanlevec.dooropener;
				LD_RUNPATH_SEARCH_PATHS = (
					"$(inherited)",
					"@executable_path/Frameworks",
				);
				MARKETING_VERSION = 1.0;
				PRODUCT_BUNDLE_IDENTIFIER = com.dejanlevec.dooropener.watchkitapp;
				PRODUCT_NAME = "$(TARGET_NAME)";
				SDKROOT = watchos;
				SKIP_INSTALL = YES;
				SWIFT_EMIT_LOC_STRINGS = YES;
				SWIFT_VERSION = 5.0;
				TARGETED_DEVICE_FAMILY = 4;
				WATCHOS_DEPLOYMENT_TARGET = 10.6;
			};
			name = Debug;
		};
		0558DF412D3D164F00D08D16 /* Release */ = {
			isa = XCBuildConfiguration;
			buildSettings = {
				ASSETCATALOG_COMPILER_APPICON_NAME = AppIcon;
				ASSETCATALOG_COMPILER_GLOBAL_ACCENT_COLOR_NAME = AccentColor;
				CODE_SIGN_STYLE = Automatic;
				CURRENT_PROJECT_VERSION = 1;
				DEVELOPMENT_ASSET_PATHS = "\"WatchCloudDoor Watch App/Preview Content\"";
				DEVELOPMENT_TEAM = QM6LX8XX33;
				ENABLE_PREVIEWS = YES;
				GENERATE_INFOPLIST_FILE = YES;
				INFOPLIST_KEY_CFBundleDisplayName = CloudDoor;
				INFOPLIST_KEY_UISupportedInterfaceOrientations = "UIInterfaceOrientationPortrait UIInterfaceOrientationPortraitUpsideDown";
				INFOPLIST_KEY_WKCompanionAppBundleIdentifier = com.dejanlevec.dooropener;
				LD_RUNPATH_SEARCH_PATHS = (
					"$(inherited)",
					"@executable_path/Frameworks",
				);
				MARKETING_VERSION = 1.0;
				PRODUCT_BUNDLE_IDENTIFIER = com.dejanlevec.dooropener.watchkitapp;
				PRODUCT_NAME = "$(TARGET_NAME)";
				SDKROOT = watchos;
				SKIP_INSTALL = YES;
				SWIFT_EMIT_LOC_STRINGS = YES;
				SWIFT_VERSION = 5.0;
				TARGETED_DEVICE_FAMILY = 4;
				WATCHOS_DEPLOYMENT_TARGET = 10.6;
			};
			name = Release;
		};
		0558DF422D3D164F00D08D16 /* Debug */ = {
			isa = XCBuildConfiguration;
			buildSettings = {
				BUNDLE_LOADER = "$(TEST_HOST)";
				CODE_SIGN_STYLE = Automatic;
				CURRENT_PROJECT_VERSION = 1;
				DEVELOPMENT_TEAM = QM6LX8XX33;
				GENERATE_INFOPLIST_FILE = YES;
				MARKETING_VERSION = 1.0;
				PRODUCT_BUNDLE_IDENTIFIER = "si.levec.WatchCloudDoor-Watch-AppTests";
				PRODUCT_NAME = "$(TARGET_NAME)";
				SDKROOT = watchos;
				SWIFT_EMIT_LOC_STRINGS = NO;
				SWIFT_VERSION = 5.0;
				TARGETED_DEVICE_FAMILY = 4;
				TEST_HOST = "$(BUILT_PRODUCTS_DIR)/WatchCloudDoor Watch App.app/$(BUNDLE_EXECUTABLE_FOLDER_PATH)/WatchCloudDoor Watch App";
				WATCHOS_DEPLOYMENT_TARGET = 10.6;
			};
			name = Debug;
		};
		0558DF432D3D164F00D08D16 /* Release */ = {
			isa = XCBuildConfiguration;
			buildSettings = {
				BUNDLE_LOADER = "$(TEST_HOST)";
				CODE_SIGN_STYLE = Automatic;
				CURRENT_PROJECT_VERSION = 1;
				DEVELOPMENT_TEAM = QM6LX8XX33;
				GENERATE_INFOPLIST_FILE = YES;
				MARKETING_VERSION = 1.0;
				PRODUCT_BUNDLE_IDENTIFIER = "si.levec.WatchCloudDoor-Watch-AppTests";
				PRODUCT_NAME = "$(TARGET_NAME)";
				SDKROOT = watchos;
				SWIFT_EMIT_LOC_STRINGS = NO;
				SWIFT_VERSION = 5.0;
				TARGETED_DEVICE_FAMILY = 4;
				TEST_HOST = "$(BUILT_PRODUCTS_DIR)/WatchCloudDoor Watch App.app/$(BUNDLE_EXECUTABLE_FOLDER_PATH)/WatchCloudDoor Watch App";
				WATCHOS_DEPLOYMENT_TARGET = 10.6;
			};
			name = Release;
		};
		0558DF442D3D164F00D08D16 /* Debug */ = {
			isa = XCBuildConfiguration;
			buildSettings = {
				CODE_SIGN_STYLE = Automatic;
				CURRENT_PROJECT_VERSION = 1;
				DEVELOPMENT_TEAM = QM6LX8XX33;
				GENERATE_INFOPLIST_FILE = YES;
				MARKETING_VERSION = 1.0;
				PRODUCT_BUNDLE_IDENTIFIER = "si.levec.WatchCloudDoor-Watch-AppUITests";
				PRODUCT_NAME = "$(TARGET_NAME)";
				SDKROOT = watchos;
				SWIFT_EMIT_LOC_STRINGS = NO;
				SWIFT_VERSION = 5.0;
				TARGETED_DEVICE_FAMILY = 4;
				TEST_TARGET_NAME = "WatchCloudDoor Watch App";
				WATCHOS_DEPLOYMENT_TARGET = 10.6;
			};
			name = Debug;
		};
		0558DF452D3D164F00D08D16 /* Release */ = {
			isa = XCBuildConfiguration;
			buildSettings = {
				CODE_SIGN_STYLE = Automatic;
				CURRENT_PROJECT_VERSION = 1;
				DEVELOPMENT_TEAM = QM6LX8XX33;
				GENERATE_INFOPLIST_FILE = YES;
				MARKETING_VERSION = 1.0;
				PRODUCT_BUNDLE_IDENTIFIER = "si.levec.WatchCloudDoor-Watch-AppUITests";
				PRODUCT_NAME = "$(TARGET_NAME)";
				SDKROOT = watchos;
				SWIFT_EMIT_LOC_STRINGS = NO;
				SWIFT_VERSION = 5.0;
				TARGETED_DEVICE_FAMILY = 4;
				TEST_TARGET_NAME = "WatchCloudDoor Watch App";
				WATCHOS_DEPLOYMENT_TARGET = 10.6;
			};
			name = Release;
		};
/* End XCBuildConfiguration section */

/* Begin XCConfigurationList section */
		053F0A9B2CA9AE03008F0EA8 /* Build configuration list for PBXProject "CloudDoor" */ = {
			isa = XCConfigurationList;
			buildConfigurations = (
				053F0AC22CA9AE06008F0EA8 /* Debug */,
				053F0AC32CA9AE06008F0EA8 /* Release */,
			);
			defaultConfigurationIsVisible = 0;
			defaultConfigurationName = Release;
		};
		053F0AC42CA9AE06008F0EA8 /* Build configuration list for PBXNativeTarget "CloudDoor" */ = {
			isa = XCConfigurationList;
			buildConfigurations = (
				053F0AC52CA9AE06008F0EA8 /* Debug */,
				053F0AC62CA9AE06008F0EA8 /* Release */,
			);
			defaultConfigurationIsVisible = 0;
			defaultConfigurationName = Release;
		};
		053F0AC72CA9AE06008F0EA8 /* Build configuration list for PBXNativeTarget "CloudDoorTests" */ = {
			isa = XCConfigurationList;
			buildConfigurations = (
				053F0AC82CA9AE06008F0EA8 /* Debug */,
				053F0AC92CA9AE06008F0EA8 /* Release */,
			);
			defaultConfigurationIsVisible = 0;
			defaultConfigurationName = Release;
		};
		053F0ACA2CA9AE06008F0EA8 /* Build configuration list for PBXNativeTarget "CloudDoorUITests" */ = {
			isa = XCConfigurationList;
			buildConfigurations = (
				053F0ACB2CA9AE06008F0EA8 /* Debug */,
				053F0ACC2CA9AE06008F0EA8 /* Release */,
			);
			defaultConfigurationIsVisible = 0;
			defaultConfigurationName = Release;
		};
		0558DF462D3D164F00D08D16 /* Build configuration list for PBXNativeTarget "WatchCloudDoor Watch App" */ = {
			isa = XCConfigurationList;
			buildConfigurations = (
				0558DF402D3D164F00D08D16 /* Debug */,
				0558DF412D3D164F00D08D16 /* Release */,
			);
			defaultConfigurationIsVisible = 0;
			defaultConfigurationName = Release;
		};
		0558DF472D3D164F00D08D16 /* Build configuration list for PBXNativeTarget "WatchCloudDoor Watch AppTests" */ = {
			isa = XCConfigurationList;
			buildConfigurations = (
				0558DF422D3D164F00D08D16 /* Debug */,
				0558DF432D3D164F00D08D16 /* Release */,
			);
			defaultConfigurationIsVisible = 0;
			defaultConfigurationName = Release;
		};
		0558DF482D3D164F00D08D16 /* Build configuration list for PBXNativeTarget "WatchCloudDoor Watch AppUITests" */ = {
			isa = XCConfigurationList;
			buildConfigurations = (
				0558DF442D3D164F00D08D16 /* Debug */,
				0558DF452D3D164F00D08D16 /* Release */,
			);
			defaultConfigurationIsVisible = 0;
			defaultConfigurationName = Release;
		};
/* End XCConfigurationList section */

/* Begin XCRemoteSwiftPackageReference section */
		052DDAED2CAB308A00882F0E /* XCRemoteSwiftPackageReference "keychain-swift" */ = {
			isa = XCRemoteSwiftPackageReference;
			repositoryURL = "https://github.com/evgenyneu/keychain-swift.git";
			requirement = {
				kind = upToNextMajorVersion;
				minimumVersion = 24.0.0;
			};
		};
/* End XCRemoteSwiftPackageReference section */

/* Begin XCSwiftPackageProductDependency section */
		052DDAEE2CAB308A00882F0E /* KeychainSwift */ = {
			isa = XCSwiftPackageProductDependency;
			package = 052DDAED2CAB308A00882F0E /* XCRemoteSwiftPackageReference "keychain-swift" */;
			productName = KeychainSwift;
		};
/* End XCSwiftPackageProductDependency section */
	};
	rootObject = 053F0A982CA9AE03008F0EA8 /* Project object */;
}
